
Microsoft Visual Studio Solution File, Format Version 12.00
# Visual Studio Version 17
VisualStudioVersion = 17.8.34322.80
MinimumVisualStudioVersion = 10.0.40219.1
Project("{9A19103F-16F7-4668-BE54-9A1E7A4F7556}") = "Atak_API", "Atak_API\Atak_API.csproj", "{78A57F3A-5BEE-4001-BFCF-43D1AC9D3DD9}"
EndProject
Project("{9A19103F-16F7-4668-BE54-9A1E7A4F7556}") = "Atak_ProductViewProducerApp", "Atak_ProductViewProducerApp\Atak_ProductViewProducerApp.csproj", "{4A736390-D14A-4C00-856D-432DDE55F7CF}"
EndProject
Project("{9A19103F-16F7-4668-BE54-9A1E7A4F7556}") = "StreamReaderApp", "StreamReaderApp\StreamReaderApp.csproj", "{98B10EFC-54CA-49E3-95F8-AD00ED253409}"
EndProject
Global
	GlobalSection(SolutionConfigurationPlatforms) = preSolution
		Debug|Any CPU = Debug|Any CPU
		Release|Any CPU = Release|Any CPU
	EndGlobalSection
	GlobalSection(ProjectConfigurationPlatforms) = postSolution
		{78A57F3A-5BEE-4001-BFCF-43D1AC9D3DD9}.Debug|Any CPU.ActiveCfg = Debug|Any CPU
		{78A57F3A-5BEE-4001-BFCF-43D1AC9D3DD9}.Debug|Any CPU.Build.0 = Debug|Any CPU
		{78A57F3A-5BEE-4001-BFCF-43D1AC9D3DD9}.Release|Any CPU.ActiveCfg = Release|Any CPU
		{78A57F3A-5BEE-4001-BFCF-43D1AC9D3DD9}.Release|Any CPU.Build.0 = Release|Any CPU
		{4A736390-D14A-4C00-856D-432DDE55F7CF}.Debug|Any CPU.ActiveCfg = Debug|Any CPU
		{4A736390-D14A-4C00-856D-432DDE55F7CF}.Debug|Any CPU.Build.0 = Debug|Any CPU
		{4A736390-D14A-4C00-856D-432DDE55F7CF}.Release|Any CPU.ActiveCfg = Release|Any CPU
		{4A736390-D14A-4C00-856D-432DDE55F7CF}.Release|Any CPU.Build.0 = Release|Any CPU
		{98B10EFC-54CA-49E3-95F8-AD00ED253409}.Debug|Any CPU.ActiveCfg = Debug|Any CPU
		{98B10EFC-54CA-49E3-95F8-AD00ED253409}.Debug|Any CPU.Build.0 = Debug|Any CPU
		{98B10EFC-54CA-49E3-95F8-AD00ED253409}.Release|Any CPU.ActiveCfg = Release|Any CPU
		{98B10EFC-54CA-49E3-95F8-AD00ED253409}.Release|Any CPU.Build.0 = Release|Any CPU
	EndGlobalSection
	GlobalSection(SolutionProperties) = preSolution
		HideSolutionNode = FALSE
	EndGlobalSection
	GlobalSection(ExtensibilityGlobals) = postSolution
		SolutionGuid = {52800653-18E7-497F-8DF3-C648DA4B1628}
	EndGlobalSection
EndGlobal
